// !$*UTF8*$!
{
	archiveVersion = 1;
	classes = {
	};
	objectVersion = 55;
	objects = {

/* Begin PBXBuildFile section */
		4D017022299C19D3007BF7E9 /* cities.txt in Resources */ = {isa = PBXBuildFile; fileRef = 4D017021299C19D3007BF7E9 /* cities.txt */; };
		4D017024299C19E6007BF7E9 /* CitiesFile.swift in Sources */ = {isa = PBXBuildFile; fileRef = 4D017023299C19E6007BF7E9 /* CitiesFile.swift */; };
		4D017026299C1A87007BF7E9 /* AutocompleteObject.swift in Sources */ = {isa = PBXBuildFile; fileRef = 4D017025299C1A87007BF7E9 /* AutocompleteObject.swift */; };
		4D0F2382299D5E4500EC22DE /* newmodel.mlpackage in Sources */ = {isa = PBXBuildFile; fileRef = 4D0F2381299D5E4500EC22DE /* newmodel.mlpackage */; };
		4D0F2384299D9BDE00EC22DE /* magnifyingglass.png in Resources */ = {isa = PBXBuildFile; fileRef = 4D0F2383299D9BDE00EC22DE /* magnifyingglass.png */; };
		BF1DEA1C2988686100EB6D49 /* sun_testApp.swift in Sources */ = {isa = PBXBuildFile; fileRef = BF1DEA1B2988686100EB6D49 /* sun_testApp.swift */; };
		BF1DEA202988686300EB6D49 /* Assets.xcassets in Resources */ = {isa = PBXBuildFile; fileRef = BF1DEA1F2988686300EB6D49 /* Assets.xcassets */; };
		BF1DEA232988686300EB6D49 /* Preview Assets.xcassets in Resources */ = {isa = PBXBuildFile; fileRef = BF1DEA222988686300EB6D49 /* Preview Assets.xcassets */; };
		BF1DEA2D2988686300EB6D49 /* sun_testTests.swift in Sources */ = {isa = PBXBuildFile; fileRef = BF1DEA2C2988686300EB6D49 /* sun_testTests.swift */; };
		BF1DEA372988686400EB6D49 /* sun_testUITests.swift in Sources */ = {isa = PBXBuildFile; fileRef = BF1DEA362988686400EB6D49 /* sun_testUITests.swift */; };
		BF1DEA392988686400EB6D49 /* sun_testUITestsLaunchTests.swift in Sources */ = {isa = PBXBuildFile; fileRef = BF1DEA382988686400EB6D49 /* sun_testUITestsLaunchTests.swift */; };
		E11BD437299ABFD7009A82F1 /* CompositePage.swift in Sources */ = {isa = PBXBuildFile; fileRef = E11BD436299ABFD7009A82F1 /* CompositePage.swift */; };
		E11BD43B299AE91C009A82F1 /* AddLocation.swift in Sources */ = {isa = PBXBuildFile; fileRef = E11BD43A299AE91C009A82F1 /* AddLocation.swift */; };
		E12D8CE42991C54B000B0760 /* LocationService.swift in Sources */ = {isa = PBXBuildFile; fileRef = E12D8CE32991C54B000B0760 /* LocationService.swift */; };
		E1431A3229957C25003D6596 /* WeatherAPICalls.swift in Sources */ = {isa = PBXBuildFile; fileRef = E1431A3129957C25003D6596 /* WeatherAPICalls.swift */; };
		E164EF612989BF7E00EC1FF1 /* Main.storyboard in Resources */ = {isa = PBXBuildFile; fileRef = E164EF602989BF7E00EC1FF1 /* Main.storyboard */; };
/* End PBXBuildFile section */

/* Begin PBXContainerItemProxy section */
		BF1DEA292988686300EB6D49 /* PBXContainerItemProxy */ = {
			isa = PBXContainerItemProxy;
			containerPortal = BF1DEA102988686100EB6D49 /* Project object */;
			proxyType = 1;
			remoteGlobalIDString = BF1DEA172988686100EB6D49;
			remoteInfo = sun_test;
		};
		BF1DEA332988686400EB6D49 /* PBXContainerItemProxy */ = {
			isa = PBXContainerItemProxy;
			containerPortal = BF1DEA102988686100EB6D49 /* Project object */;
			proxyType = 1;
			remoteGlobalIDString = BF1DEA172988686100EB6D49;
			remoteInfo = sun_test;
		};
/* End PBXContainerItemProxy section */

/* Begin PBXFileReference section */
		4D017021299C19D3007BF7E9 /* cities.txt */ = {isa = PBXFileReference; fileEncoding = 4; lastKnownFileType = text; path = cities.txt; sourceTree = "<group>"; };
		4D017023299C19E6007BF7E9 /* CitiesFile.swift */ = {isa = PBXFileReference; lastKnownFileType = sourcecode.swift; path = CitiesFile.swift; sourceTree = "<group>"; };
		4D017025299C1A87007BF7E9 /* AutocompleteObject.swift */ = {isa = PBXFileReference; lastKnownFileType = sourcecode.swift; path = AutocompleteObject.swift; sourceTree = "<group>"; };
		4D0F2381299D5E4500EC22DE /* newmodel.mlpackage */ = {isa = PBXFileReference; lastKnownFileType = folder.mlpackage; path = newmodel.mlpackage; sourceTree = "<group>"; };
		4D0F2383299D9BDE00EC22DE /* magnifyingglass.png */ = {isa = PBXFileReference; lastKnownFileType = image.png; path = magnifyingglass.png; sourceTree = "<group>"; };
		BF1DEA182988686100EB6D49 /* sun_test.app */ = {isa = PBXFileReference; explicitFileType = wrapper.application; includeInIndex = 0; path = sun_test.app; sourceTree = BUILT_PRODUCTS_DIR; };
		BF1DEA1B2988686100EB6D49 /* sun_testApp.swift */ = {isa = PBXFileReference; lastKnownFileType = sourcecode.swift; path = sun_testApp.swift; sourceTree = "<group>"; };
		BF1DEA1F2988686300EB6D49 /* Assets.xcassets */ = {isa = PBXFileReference; lastKnownFileType = folder.assetcatalog; path = Assets.xcassets; sourceTree = "<group>"; };
		BF1DEA222988686300EB6D49 /* Preview Assets.xcassets */ = {isa = PBXFileReference; lastKnownFileType = folder.assetcatalog; path = "Preview Assets.xcassets"; sourceTree = "<group>"; };
		BF1DEA282988686300EB6D49 /* sun_testTests.xctest */ = {isa = PBXFileReference; explicitFileType = wrapper.cfbundle; includeInIndex = 0; path = sun_testTests.xctest; sourceTree = BUILT_PRODUCTS_DIR; };
		BF1DEA2C2988686300EB6D49 /* sun_testTests.swift */ = {isa = PBXFileReference; lastKnownFileType = sourcecode.swift; path = sun_testTests.swift; sourceTree = "<group>"; };
		BF1DEA322988686400EB6D49 /* sun_testUITests.xctest */ = {isa = PBXFileReference; explicitFileType = wrapper.cfbundle; includeInIndex = 0; path = sun_testUITests.xctest; sourceTree = BUILT_PRODUCTS_DIR; };
		BF1DEA362988686400EB6D49 /* sun_testUITests.swift */ = {isa = PBXFileReference; lastKnownFileType = sourcecode.swift; path = sun_testUITests.swift; sourceTree = "<group>"; };
		BF1DEA382988686400EB6D49 /* sun_testUITestsLaunchTests.swift */ = {isa = PBXFileReference; lastKnownFileType = sourcecode.swift; path = sun_testUITestsLaunchTests.swift; sourceTree = "<group>"; };
		E11BD436299ABFD7009A82F1 /* CompositePage.swift */ = {isa = PBXFileReference; lastKnownFileType = sourcecode.swift; path = CompositePage.swift; sourceTree = "<group>"; };
		E11BD43A299AE91C009A82F1 /* AddLocation.swift */ = {isa = PBXFileReference; lastKnownFileType = sourcecode.swift; path = AddLocation.swift; sourceTree = "<group>"; };
		E12D8CE32991C54B000B0760 /* LocationService.swift */ = {isa = PBXFileReference; fileEncoding = 4; lastKnownFileType = sourcecode.swift; path = LocationService.swift; sourceTree = "<group>"; };
		E1431A3129957C25003D6596 /* WeatherAPICalls.swift */ = {isa = PBXFileReference; fileEncoding = 4; lastKnownFileType = sourcecode.swift; path = WeatherAPICalls.swift; sourceTree = "<group>"; };
		E164EF602989BF7E00EC1FF1 /* Main.storyboard */ = {isa = PBXFileReference; lastKnownFileType = file.storyboard; path = Main.storyboard; sourceTree = "<group>"; };
/* End PBXFileReference section */

/* Begin PBXFrameworksBuildPhase section */
		BF1DEA152988686100EB6D49 /* Frameworks */ = {
			isa = PBXFrameworksBuildPhase;
			buildActionMask = 2147483647;
			files = (
			);
			runOnlyForDeploymentPostprocessing = 0;
		};
		BF1DEA252988686300EB6D49 /* Frameworks */ = {
			isa = PBXFrameworksBuildPhase;
			buildActionMask = 2147483647;
			files = (
			);
			runOnlyForDeploymentPostprocessing = 0;
		};
		BF1DEA2F2988686400EB6D49 /* Frameworks */ = {
			isa = PBXFrameworksBuildPhase;
			buildActionMask = 2147483647;
			files = (
			);
			runOnlyForDeploymentPostprocessing = 0;
		};
/* End PBXFrameworksBuildPhase section */

/* Begin PBXGroup section */
		BF1DEA0F2988686100EB6D49 = {
			isa = PBXGroup;
			children = (
				BF1DEA1A2988686100EB6D49 /* sun_test */,
				BF1DEA2B2988686300EB6D49 /* sun_testTests */,
				BF1DEA352988686400EB6D49 /* sun_testUITests */,
				BF1DEA192988686100EB6D49 /* Products */,
			);
			sourceTree = "<group>";
		};
		BF1DEA192988686100EB6D49 /* Products */ = {
			isa = PBXGroup;
			children = (
				BF1DEA182988686100EB6D49 /* sun_test.app */,
				BF1DEA282988686300EB6D49 /* sun_testTests.xctest */,
				BF1DEA322988686400EB6D49 /* sun_testUITests.xctest */,
			);
			name = Products;
			sourceTree = "<group>";
		};
		BF1DEA1A2988686100EB6D49 /* sun_test */ = {
			isa = PBXGroup;
			children = (
				E1431A3129957C25003D6596 /* WeatherAPICalls.swift */,
				E12D8CE32991C54B000B0760 /* LocationService.swift */,
				BF1DEA1B2988686100EB6D49 /* sun_testApp.swift */,
				4D0F2381299D5E4500EC22DE /* newmodel.mlpackage */,
				4D017021299C19D3007BF7E9 /* cities.txt */,
				BF1DEA1F2988686300EB6D49 /* Assets.xcassets */,
				BF1DEA212988686300EB6D49 /* Preview Content */,
				E164EF602989BF7E00EC1FF1 /* Main.storyboard */,
				4D0F2383299D9BDE00EC22DE /* magnifyingglass.png */,
				E11BD436299ABFD7009A82F1 /* CompositePage.swift */,
				E11BD43A299AE91C009A82F1 /* AddLocation.swift */,
				4D017023299C19E6007BF7E9 /* CitiesFile.swift */,
				4D017025299C1A87007BF7E9 /* AutocompleteObject.swift */,
			);
			path = sun_test;
			sourceTree = "<group>";
		};
		BF1DEA212988686300EB6D49 /* Preview Content */ = {
			isa = PBXGroup;
			children = (
				BF1DEA222988686300EB6D49 /* Preview Assets.xcassets */,
			);
			path = "Preview Content";
			sourceTree = "<group>";
		};
		BF1DEA2B2988686300EB6D49 /* sun_testTests */ = {
			isa = PBXGroup;
			children = (
				BF1DEA2C2988686300EB6D49 /* sun_testTests.swift */,
			);
			path = sun_testTests;
			sourceTree = "<group>";
		};
		BF1DEA352988686400EB6D49 /* sun_testUITests */ = {
			isa = PBXGroup;
			children = (
				BF1DEA362988686400EB6D49 /* sun_testUITests.swift */,
				BF1DEA382988686400EB6D49 /* sun_testUITestsLaunchTests.swift */,
			);
			path = sun_testUITests;
			sourceTree = "<group>";
		};
/* End PBXGroup section */

/* Begin PBXNativeTarget section */
		BF1DEA172988686100EB6D49 /* sun_test */ = {
			isa = PBXNativeTarget;
			buildConfigurationList = BF1DEA3C2988686400EB6D49 /* Build configuration list for PBXNativeTarget "sun_test" */;
			buildPhases = (
				BF1DEA142988686100EB6D49 /* Sources */,
				BF1DEA152988686100EB6D49 /* Frameworks */,
				BF1DEA162988686100EB6D49 /* Resources */,
			);
			buildRules = (
			);
			dependencies = (
			);
			name = sun_test;
			productName = sun_test;
			productReference = BF1DEA182988686100EB6D49 /* sun_test.app */;
			productType = "com.apple.product-type.application";
		};
		BF1DEA272988686300EB6D49 /* sun_testTests */ = {
			isa = PBXNativeTarget;
			buildConfigurationList = BF1DEA3F2988686400EB6D49 /* Build configuration list for PBXNativeTarget "sun_testTests" */;
			buildPhases = (
				BF1DEA242988686300EB6D49 /* Sources */,
				BF1DEA252988686300EB6D49 /* Frameworks */,
				BF1DEA262988686300EB6D49 /* Resources */,
			);
			buildRules = (
			);
			dependencies = (
				BF1DEA2A2988686300EB6D49 /* PBXTargetDependency */,
			);
			name = sun_testTests;
			productName = sun_testTests;
			productReference = BF1DEA282988686300EB6D49 /* sun_testTests.xctest */;
			productType = "com.apple.product-type.bundle.unit-test";
		};
		BF1DEA312988686400EB6D49 /* sun_testUITests */ = {
			isa = PBXNativeTarget;
			buildConfigurationList = BF1DEA422988686400EB6D49 /* Build configuration list for PBXNativeTarget "sun_testUITests" */;
			buildPhases = (
				BF1DEA2E2988686400EB6D49 /* Sources */,
				BF1DEA2F2988686400EB6D49 /* Frameworks */,
				BF1DEA302988686400EB6D49 /* Resources */,
			);
			buildRules = (
			);
			dependencies = (
				BF1DEA342988686400EB6D49 /* PBXTargetDependency */,
			);
			name = sun_testUITests;
			productName = sun_testUITests;
			productReference = BF1DEA322988686400EB6D49 /* sun_testUITests.xctest */;
			productType = "com.apple.product-type.bundle.ui-testing";
		};
/* End PBXNativeTarget section */

/* Begin PBXProject section */
		BF1DEA102988686100EB6D49 /* Project object */ = {
			isa = PBXProject;
			attributes = {
				BuildIndependentTargetsInParallel = 1;
				LastSwiftUpdateCheck = 1340;
				LastUpgradeCheck = 1340;
				TargetAttributes = {
					BF1DEA172988686100EB6D49 = {
						CreatedOnToolsVersion = 13.4.1;
					};
					BF1DEA272988686300EB6D49 = {
						CreatedOnToolsVersion = 13.4.1;
						TestTargetID = BF1DEA172988686100EB6D49;
					};
					BF1DEA312988686400EB6D49 = {
						CreatedOnToolsVersion = 13.4.1;
						TestTargetID = BF1DEA172988686100EB6D49;
					};
				};
			};
			buildConfigurationList = BF1DEA132988686100EB6D49 /* Build configuration list for PBXProject "sun_test" */;
			compatibilityVersion = "Xcode 13.0";
			developmentRegion = en;
			hasScannedForEncodings = 0;
			knownRegions = (
				en,
				Base,
			);
			mainGroup = BF1DEA0F2988686100EB6D49;
			productRefGroup = BF1DEA192988686100EB6D49 /* Products */;
			projectDirPath = "";
			projectRoot = "";
			targets = (
				BF1DEA172988686100EB6D49 /* sun_test */,
				BF1DEA272988686300EB6D49 /* sun_testTests */,
				BF1DEA312988686400EB6D49 /* sun_testUITests */,
			);
		};
/* End PBXProject section */

/* Begin PBXResourcesBuildPhase section */
		BF1DEA162988686100EB6D49 /* Resources */ = {
			isa = PBXResourcesBuildPhase;
			buildActionMask = 2147483647;
			files = (
				4D0F2384299D9BDE00EC22DE /* magnifyingglass.png in Resources */,
				E164EF612989BF7E00EC1FF1 /* Main.storyboard in Resources */,
				4D017022299C19D3007BF7E9 /* cities.txt in Resources */,
				BF1DEA232988686300EB6D49 /* Preview Assets.xcassets in Resources */,
				BF1DEA202988686300EB6D49 /* Assets.xcassets in Resources */,
			);
			runOnlyForDeploymentPostprocessing = 0;
		};
		BF1DEA262988686300EB6D49 /* Resources */ = {
			isa = PBXResourcesBuildPhase;
			buildActionMask = 2147483647;
			files = (
			);
			runOnlyForDeploymentPostprocessing = 0;
		};
		BF1DEA302988686400EB6D49 /* Resources */ = {
			isa = PBXResourcesBuildPhase;
			buildActionMask = 2147483647;
			files = (
			);
			runOnlyForDeploymentPostprocessing = 0;
		};
/* End PBXResourcesBuildPhase section */

/* Begin PBXSourcesBuildPhase section */
		BF1DEA142988686100EB6D49 /* Sources */ = {
			isa = PBXSourcesBuildPhase;
			buildActionMask = 2147483647;
			files = (
				E11BD43B299AE91C009A82F1 /* AddLocation.swift in Sources */,
				4D017024299C19E6007BF7E9 /* CitiesFile.swift in Sources */,
				4D0F2382299D5E4500EC22DE /* newmodel.mlpackage in Sources */,
				E11BD437299ABFD7009A82F1 /* CompositePage.swift in Sources */,
				E12D8CE42991C54B000B0760 /* LocationService.swift in Sources */,
				E1431A3229957C25003D6596 /* WeatherAPICalls.swift in Sources */,
				BF1DEA1C2988686100EB6D49 /* sun_testApp.swift in Sources */,
				4D017026299C1A87007BF7E9 /* AutocompleteObject.swift in Sources */,
			);
			runOnlyForDeploymentPostprocessing = 0;
		};
		BF1DEA242988686300EB6D49 /* Sources */ = {
			isa = PBXSourcesBuildPhase;
			buildActionMask = 2147483647;
			files = (
				BF1DEA2D2988686300EB6D49 /* sun_testTests.swift in Sources */,
			);
			runOnlyForDeploymentPostprocessing = 0;
		};
		BF1DEA2E2988686400EB6D49 /* Sources */ = {
			isa = PBXSourcesBuildPhase;
			buildActionMask = 2147483647;
			files = (
				BF1DEA392988686400EB6D49 /* sun_testUITestsLaunchTests.swift in Sources */,
				BF1DEA372988686400EB6D49 /* sun_testUITests.swift in Sources */,
			);
			runOnlyForDeploymentPostprocessing = 0;
		};
/* End PBXSourcesBuildPhase section */

/* Begin PBXTargetDependency section */
		BF1DEA2A2988686300EB6D49 /* PBXTargetDependency */ = {
			isa = PBXTargetDependency;
			target = BF1DEA172988686100EB6D49 /* sun_test */;
			targetProxy = BF1DEA292988686300EB6D49 /* PBXContainerItemProxy */;
		};
		BF1DEA342988686400EB6D49 /* PBXTargetDependency */ = {
			isa = PBXTargetDependency;
			target = BF1DEA172988686100EB6D49 /* sun_test */;
			targetProxy = BF1DEA332988686400EB6D49 /* PBXContainerItemProxy */;
		};
/* End PBXTargetDependency section */

/* Begin XCBuildConfiguration section */
		BF1DEA3A2988686400EB6D49 /* Debug */ = {
			isa = XCBuildConfiguration;
			buildSettings = {
				ALWAYS_SEARCH_USER_PATHS = NO;
				CLANG_ANALYZER_NONNULL = YES;
				CLANG_ANALYZER_NUMBER_OBJECT_CONVERSION = YES_AGGRESSIVE;
				CLANG_CXX_LANGUAGE_STANDARD = "gnu++17";
				CLANG_ENABLE_MODULES = YES;
				CLANG_ENABLE_OBJC_ARC = YES;
				CLANG_ENABLE_OBJC_WEAK = YES;
				CLANG_WARN_BLOCK_CAPTURE_AUTORELEASING = YES;
				CLANG_WARN_BOOL_CONVERSION = YES;
				CLANG_WARN_COMMA = YES;
				CLANG_WARN_CONSTANT_CONVERSION = YES;
				CLANG_WARN_DEPRECATED_OBJC_IMPLEMENTATIONS = YES;
				CLANG_WARN_DIRECT_OBJC_ISA_USAGE = YES_ERROR;
				CLANG_WARN_DOCUMENTATION_COMMENTS = YES;
				CLANG_WARN_EMPTY_BODY = YES;
				CLANG_WARN_ENUM_CONVERSION = YES;
				CLANG_WARN_INFINITE_RECURSION = YES;
				CLANG_WARN_INT_CONVERSION = YES;
				CLANG_WARN_NON_LITERAL_NULL_CONVERSION = YES;
				CLANG_WARN_OBJC_IMPLICIT_RETAIN_SELF = YES;
				CLANG_WARN_OBJC_LITERAL_CONVERSION = YES;
				CLANG_WARN_OBJC_ROOT_CLASS = YES_ERROR;
				CLANG_WARN_QUOTED_INCLUDE_IN_FRAMEWORK_HEADER = YES;
				CLANG_WARN_RANGE_LOOP_ANALYSIS = YES;
				CLANG_WARN_STRICT_PROTOTYPES = YES;
				CLANG_WARN_SUSPICIOUS_MOVE = YES;
				CLANG_WARN_UNGUARDED_AVAILABILITY = YES_AGGRESSIVE;
				CLANG_WARN_UNREACHABLE_CODE = YES;
				CLANG_WARN__DUPLICATE_METHOD_MATCH = YES;
				COPY_PHASE_STRIP = NO;
				DEBUG_INFORMATION_FORMAT = dwarf;
				ENABLE_STRICT_OBJC_MSGSEND = YES;
				ENABLE_TESTABILITY = YES;
				GCC_C_LANGUAGE_STANDARD = gnu11;
				GCC_DYNAMIC_NO_PIC = NO;
				GCC_NO_COMMON_BLOCKS = YES;
				GCC_OPTIMIZATION_LEVEL = 0;
				GCC_PREPROCESSOR_DEFINITIONS = (
					"DEBUG=1",
					"$(inherited)",
				);
				GCC_WARN_64_TO_32_BIT_CONVERSION = YES;
				GCC_WARN_ABOUT_RETURN_TYPE = YES_ERROR;
				GCC_WARN_UNDECLARED_SELECTOR = YES;
				GCC_WARN_UNINITIALIZED_AUTOS = YES_AGGRESSIVE;
				GCC_WARN_UNUSED_FUNCTION = YES;
				GCC_WARN_UNUSED_VARIABLE = YES;
				IPHONEOS_DEPLOYMENT_TARGET = 15.5;
				MTL_ENABLE_DEBUG_INFO = INCLUDE_SOURCE;
				MTL_FAST_MATH = YES;
				ONLY_ACTIVE_ARCH = YES;
				SDKROOT = iphoneos;
				SWIFT_ACTIVE_COMPILATION_CONDITIONS = DEBUG;
				SWIFT_OPTIMIZATION_LEVEL = "-Onone";
			};
			name = Debug;
		};
		BF1DEA3B2988686400EB6D49 /* Release */ = {
			isa = XCBuildConfiguration;
			buildSettings = {
				ALWAYS_SEARCH_USER_PATHS = NO;
				CLANG_ANALYZER_NONNULL = YES;
				CLANG_ANALYZER_NUMBER_OBJECT_CONVERSION = YES_AGGRESSIVE;
				CLANG_CXX_LANGUAGE_STANDARD = "gnu++17";
				CLANG_ENABLE_MODULES = YES;
				CLANG_ENABLE_OBJC_ARC = YES;
				CLANG_ENABLE_OBJC_WEAK = YES;
				CLANG_WARN_BLOCK_CAPTURE_AUTORELEASING = YES;
				CLANG_WARN_BOOL_CONVERSION = YES;
				CLANG_WARN_COMMA = YES;
				CLANG_WARN_CONSTANT_CONVERSION = YES;
				CLANG_WARN_DEPRECATED_OBJC_IMPLEMENTATIONS = YES;
				CLANG_WARN_DIRECT_OBJC_ISA_USAGE = YES_ERROR;
				CLANG_WARN_DOCUMENTATION_COMMENTS = YES;
				CLANG_WARN_EMPTY_BODY = YES;
				CLANG_WARN_ENUM_CONVERSION = YES;
				CLANG_WARN_INFINITE_RECURSION = YES;
				CLANG_WARN_INT_CONVERSION = YES;
				CLANG_WARN_NON_LITERAL_NULL_CONVERSION = YES;
				CLANG_WARN_OBJC_IMPLICIT_RETAIN_SELF = YES;
				CLANG_WARN_OBJC_LITERAL_CONVERSION = YES;
				CLANG_WARN_OBJC_ROOT_CLASS = YES_ERROR;
				CLANG_WARN_QUOTED_INCLUDE_IN_FRAMEWORK_HEADER = YES;
				CLANG_WARN_RANGE_LOOP_ANALYSIS = YES;
				CLANG_WARN_STRICT_PROTOTYPES = YES;
				CLANG_WARN_SUSPICIOUS_MOVE = YES;
				CLANG_WARN_UNGUARDED_AVAILABILITY = YES_AGGRESSIVE;
				CLANG_WARN_UNREACHABLE_CODE = YES;
				CLANG_WARN__DUPLICATE_METHOD_MATCH = YES;
				COPY_PHASE_STRIP = NO;
				DEBUG_INFORMATION_FORMAT = "dwarf-with-dsym";
				ENABLE_NS_ASSERTIONS = NO;
				ENABLE_STRICT_OBJC_MSGSEND = YES;
				GCC_C_LANGUAGE_STANDARD = gnu11;
				GCC_NO_COMMON_BLOCKS = YES;
				GCC_WARN_64_TO_32_BIT_CONVERSION = YES;
				GCC_WARN_ABOUT_RETURN_TYPE = YES_ERROR;
				GCC_WARN_UNDECLARED_SELECTOR = YES;
				GCC_WARN_UNINITIALIZED_AUTOS = YES_AGGRESSIVE;
				GCC_WARN_UNUSED_FUNCTION = YES;
				GCC_WARN_UNUSED_VARIABLE = YES;
				IPHONEOS_DEPLOYMENT_TARGET = 15.5;
				MTL_ENABLE_DEBUG_INFO = NO;
				MTL_FAST_MATH = YES;
				SDKROOT = iphoneos;
				SWIFT_COMPILATION_MODE = wholemodule;
				SWIFT_OPTIMIZATION_LEVEL = "-O";
				VALIDATE_PRODUCT = YES;
			};
			name = Release;
		};
		BF1DEA3D2988686400EB6D49 /* Debug */ = {
			isa = XCBuildConfiguration;
			buildSettings = {
				ASSETCATALOG_COMPILER_APPICON_NAME = AppIcon;
				ASSETCATALOG_COMPILER_GLOBAL_ACCENT_COLOR_NAME = AccentColor;
				CODE_SIGN_STYLE = Automatic;
				CURRENT_PROJECT_VERSION = 1;
				DEVELOPMENT_ASSET_PATHS = "\"sun_test/Preview Content\"";
				ENABLE_PREVIEWS = YES;
				GENERATE_INFOPLIST_FILE = YES;
				INFOPLIST_FILE = "sun-test-Info.plist";
				INFOPLIST_KEY_NSLocationWhenInUseUsageDescription = "Allow us to use location ";
				INFOPLIST_KEY_UIApplicationSceneManifest_Generation = YES;
				INFOPLIST_KEY_UIApplicationSupportsIndirectInputEvents = YES;
				INFOPLIST_KEY_UILaunchScreen_Generation = YES;
				INFOPLIST_KEY_UISupportedInterfaceOrientations_iPad = "UIInterfaceOrientationPortrait UIInterfaceOrientationPortraitUpsideDown UIInterfaceOrientationLandscapeLeft UIInterfaceOrientationLandscapeRight";
				INFOPLIST_KEY_UISupportedInterfaceOrientations_iPhone = "UIInterfaceOrientationPortrait UIInterfaceOrientationLandscapeLeft UIInterfaceOrientationLandscapeRight";
				LD_RUNPATH_SEARCH_PATHS = (
					"$(inherited)",
					"@executable_path/Frameworks",
				);
				MARKETING_VERSION = 1.0;
				PRODUCT_BUNDLE_IDENTIFIER = "Sun-Team.sun-test";
				PRODUCT_NAME = "$(TARGET_NAME)";
				SWIFT_EMIT_LOC_STRINGS = YES;
				SWIFT_VERSION = 5.0;
				TARGETED_DEVICE_FAMILY = "1,2";
			};
			name = Debug;
		};
		BF1DEA3E2988686400EB6D49 /* Release */ = {
			isa = XCBuildConfiguration;
			buildSettings = {
				ASSETCATALOG_COMPILER_APPICON_NAME = AppIcon;
				ASSETCATALOG_COMPILER_GLOBAL_ACCENT_COLOR_NAME = AccentColor;
				CODE_SIGN_STYLE = Automatic;
				CURRENT_PROJECT_VERSION = 1;
				DEVELOPMENT_ASSET_PATHS = "\"sun_test/Preview Content\"";
				ENABLE_PREVIEWS = YES;
				GENERATE_INFOPLIST_FILE = YES;
				INFOPLIST_FILE = "sun-test-Info.plist";
				INFOPLIST_KEY_NSLocationWhenInUseUsageDescription = "Allow us to use location ";
				INFOPLIST_KEY_UIApplicationSceneManifest_Generation = YES;
				INFOPLIST_KEY_UIApplicationSupportsIndirectInputEvents = YES;
				INFOPLIST_KEY_UILaunchScreen_Generation = YES;
				INFOPLIST_KEY_UISupportedInterfaceOrientations_iPad = "UIInterfaceOrientationPortrait UIInterfaceOrientationPortraitUpsideDown UIInterfaceOrientationLandscapeLeft UIInterfaceOrientationLandscapeRight";
				INFOPLIST_KEY_UISupportedInterfaceOrientations_iPhone = "UIInterfaceOrientationPortrait UIInterfaceOrientationLandscapeLeft UIInterfaceOrientationLandscapeRight";
				LD_RUNPATH_SEARCH_PATHS = (
					"$(inherited)",
					"@executable_path/Frameworks",
				);
				MARKETING_VERSION = 1.0;
				PRODUCT_BUNDLE_IDENTIFIER = "Sun-Team.sun-test";
				PRODUCT_NAME = "$(TARGET_NAME)";
				SWIFT_EMIT_LOC_STRINGS = YES;
				SWIFT_VERSION = 5.0;
				TARGETED_DEVICE_FAMILY = "1,2";
			};
			name = Release;
		};
		BF1DEA402988686400EB6D49 /* Debug */ = {
			isa = XCBuildConfiguration;
			buildSettings = {
				ALWAYS_EMBED_SWIFT_STANDARD_LIBRARIES = YES;
				BUNDLE_LOADER = "$(TEST_HOST)";
				CODE_SIGN_STYLE = Automatic;
				CURRENT_PROJECT_VERSION = 1;
				GENERATE_INFOPLIST_FILE = YES;
				IPHONEOS_DEPLOYMENT_TARGET = 15.5;
				MARKETING_VERSION = 1.0;
				PRODUCT_BUNDLE_IDENTIFIER = "Sun-Team.sun-testTests";
				PRODUCT_NAME = "$(TARGET_NAME)";
				SWIFT_EMIT_LOC_STRINGS = NO;
				SWIFT_VERSION = 5.0;
				TARGETED_DEVICE_FAMILY = "1,2";
				TEST_HOST = "$(BUILT_PRODUCTS_DIR)/sun_test.app/sun_test";
			};
			name = Debug;
		};
		BF1DEA412988686400EB6D49 /* Release */ = {
			isa = XCBuildConfiguration;
			buildSettings = {
				ALWAYS_EMBED_SWIFT_STANDARD_LIBRARIES = YES;
				BUNDLE_LOADER = "$(TEST_HOST)";
				CODE_SIGN_STYLE = Automatic;
				CURRENT_PROJECT_VERSION = 1;
				GENERATE_INFOPLIST_FILE = YES;
				IPHONEOS_DEPLOYMENT_TARGET = 15.5;
				MARKETING_VERSION = 1.0;
				PRODUCT_BUNDLE_IDENTIFIER = "Sun-Team.sun-testTests";
				PRODUCT_NAME = "$(TARGET_NAME)";
				SWIFT_EMIT_LOC_STRINGS = NO;
				SWIFT_VERSION = 5.0;
				TARGETED_DEVICE_FAMILY = "1,2";
				TEST_HOST = "$(BUILT_PRODUCTS_DIR)/sun_test.app/sun_test";
			};
			name = Release;
		};
		BF1DEA432988686400EB6D49 /* Debug */ = {
			isa = XCBuildConfiguration;
			buildSettings = {
				ALWAYS_EMBED_SWIFT_STANDARD_LIBRARIES = YES;
				CODE_SIGN_STYLE = Automatic;
				CURRENT_PROJECT_VERSION = 1;
				GENERATE_INFOPLIST_FILE = YES;
				MARKETING_VERSION = 1.0;
				PRODUCT_BUNDLE_IDENTIFIER = "Sun-Team.sun-testUITests";
				PRODUCT_NAME = "$(TARGET_NAME)";
				SWIFT_EMIT_LOC_STRINGS = NO;
				SWIFT_VERSION = 5.0;
				TARGETED_DEVICE_FAMILY = "1,2";
				TEST_TARGET_NAME = sun_test;
			};
			name = Debug;
		};
		BF1DEA442988686400EB6D49 /* Release */ = {
			isa = XCBuildConfiguration;
			buildSettings = {
				ALWAYS_EMBED_SWIFT_STANDARD_LIBRARIES = YES;
				CODE_SIGN_STYLE = Automatic;
				CURRENT_PROJECT_VERSION = 1;
				GENERATE_INFOPLIST_FILE = YES;
				MARKETING_VERSION = 1.0;
				PRODUCT_BUNDLE_IDENTIFIER = "Sun-Team.sun-testUITests";
				PRODUCT_NAME = "$(TARGET_NAME)";
				SWIFT_EMIT_LOC_STRINGS = NO;
				SWIFT_VERSION = 5.0;
				TARGETED_DEVICE_FAMILY = "1,2";
				TEST_TARGET_NAME = sun_test;
			};
			name = Release;
		};
/* End XCBuildConfiguration section */

/* Begin XCConfigurationList section */
		BF1DEA132988686100EB6D49 /* Build configuration list for PBXProject "sun_test" */ = {
			isa = XCConfigurationList;
			buildConfigurations = (
				BF1DEA3A2988686400EB6D49 /* Debug */,
				BF1DEA3B2988686400EB6D49 /* Release */,
			);
			defaultConfigurationIsVisible = 0;
			defaultConfigurationName = Release;
		};
		BF1DEA3C2988686400EB6D49 /* Build configuration list for PBXNativeTarget "sun_test" */ = {
			isa = XCConfigurationList;
			buildConfigurations = (
				BF1DEA3D2988686400EB6D49 /* Debug */,
				BF1DEA3E2988686400EB6D49 /* Release */,
			);
			defaultConfigurationIsVisible = 0;
			defaultConfigurationName = Release;
		};
		BF1DEA3F2988686400EB6D49 /* Build configuration list for PBXNativeTarget "sun_testTests" */ = {
			isa = XCConfigurationList;
			buildConfigurations = (
				BF1DEA402988686400EB6D49 /* Debug */,
				BF1DEA412988686400EB6D49 /* Release */,
			);
			defaultConfigurationIsVisible = 0;
			defaultConfigurationName = Release;
		};
		BF1DEA422988686400EB6D49 /* Build configuration list for PBXNativeTarget "sun_testUITests" */ = {
			isa = XCConfigurationList;
			buildConfigurations = (
				BF1DEA432988686400EB6D49 /* Debug */,
				BF1DEA442988686400EB6D49 /* Release */,
			);
			defaultConfigurationIsVisible = 0;
			defaultConfigurationName = Release;
		};
/* End XCConfigurationList section */
	};
	rootObject = BF1DEA102988686100EB6D49 /* Project object */;
}
